
Microsoft Visual Studio Solution File, Format Version 12.00
# Visual Studio 15
VisualStudioVersion = 15.0.26730.16
MinimumVisualStudioVersion = 10.0.40219.1
Project("{FAE04EC0-301F-11D3-BF4B-00C04F79EFBC}") = "WpfAppRGBSliders", "WpfAppRGBSliders\WpfAppRGBSliders.csproj", "{C48730E3-E75D-4E91-BB2B-4EC9E2183444}"
EndProject
Global
	GlobalSection(SolutionConfigurationPlatforms) = preSolution
		Debug|Any CPU = Debug|Any CPU
		Release|Any CPU = Release|Any CPU
	EndGlobalSection
	GlobalSection(ProjectConfigurationPlatforms) = postSolution
		{C48730E3-E75D-4E91-BB2B-4EC9E2183444}.Debug|Any CPU.ActiveCfg = Debug|Any CPU
		{C48730E3-E75D-4E91-BB2B-4EC9E2183444}.Debug|Any CPU.Build.0 = Debug|Any CPU
		{C48730E3-E75D-4E91-BB2B-4EC9E2183444}.Release|Any CPU.ActiveCfg = Release|Any CPU
		{C48730E3-E75D-4E91-BB2B-4EC9E2183444}.Release|Any CPU.Build.0 = Release|Any CPU
	EndGlobalSection
	GlobalSection(SolutionProperties) = preSolution
		HideSolutionNode = FALSE
	EndGlobalSection
	GlobalSection(ExtensibilityGlobals) = postSolution
		SolutionGuid = {D1760109-7D30-45D4-959A-A86D03148AD9}
	EndGlobalSection
EndGlobal
